// !$*UTF8*$!
{
	archiveVersion = 1;
	classes = {
	};
	objectVersion = 46;
	objects = {

/* Begin PBXBuildFile section */
		275D45621AF3188700332E21 /* AppDelegate.swift in Sources */ = {isa = PBXBuildFile; fileRef = 275D45611AF3188700332E21 /* AppDelegate.swift */; };
		275D45641AF3188700332E21 /* ViewController.swift in Sources */ = {isa = PBXBuildFile; fileRef = 275D45631AF3188700332E21 /* ViewController.swift */; };
		275D45671AF3188700332E21 /* Main.storyboard in Resources */ = {isa = PBXBuildFile; fileRef = 275D45651AF3188700332E21 /* Main.storyboard */; };
		275D45691AF3188700332E21 /* Images.xcassets in Resources */ = {isa = PBXBuildFile; fileRef = 275D45681AF3188700332E21 /* Images.xcassets */; };
		275D456C1AF3188700332E21 /* LaunchScreen.xib in Resources */ = {isa = PBXBuildFile; fileRef = 275D456A1AF3188700332E21 /* LaunchScreen.xib */; };
		275D45781AF3188700332E21 /* TipsTests.swift in Sources */ = {isa = PBXBuildFile; fileRef = 275D45771AF3188700332E21 /* TipsTests.swift */; };
/* End PBXBuildFile section */

/* Begin PBXContainerItemProxy section */
		275D45721AF3188700332E21 /* PBXContainerItemProxy */ = {
			isa = PBXContainerItemProxy;
			containerPortal = 275D45541AF3188700332E21 /* Project object */;
			proxyType = 1;
			remoteGlobalIDString = 275D455B1AF3188700332E21;
			remoteInfo = Tips;
		};
/* End PBXContainerItemProxy section */

/* Begin PBXFileReference section */
		275D455C1AF3188700332E21 /* Tips.app */ = {isa = PBXFileReference; explicitFileType = wrapper.application; includeInIndex = 0; path = Tips.app; sourceTree = BUILT_PRODUCTS_DIR; };
		275D45601AF3188700332E21 /* Info.plist */ = {isa = PBXFileReference; lastKnownFileType = text.plist.xml; path = Info.plist; sourceTree = "<group>"; };
		275D45611AF3188700332E21 /* AppDelegate.swift */ = {isa = PBXFileReference; lastKnownFileType = sourcecode.swift; path = AppDelegate.swift; sourceTree = "<group>"; };
		275D45631AF3188700332E21 /* ViewController.swift */ = {isa = PBXFileReference; lastKnownFileType = sourcecode.swift; path = ViewController.swift; sourceTree = "<group>"; };
		275D45661AF3188700332E21 /* Base */ = {isa = PBXFileReference; lastKnownFileType = file.storyboard; name = Base; path = Base.lproj/Main.storyboard; sourceTree = "<group>"; };
		275D45681AF3188700332E21 /* Images.xcassets */ = {isa = PBXFileReference; lastKnownFileType = folder.assetcatalog; path = Images.xcassets; sourceTree = "<group>"; };
		275D456B1AF3188700332E21 /* Base */ = {isa = PBXFileReference; lastKnownFileType = file.xib; name = Base; path = Base.lproj/LaunchScreen.xib; sourceTree = "<group>"; };
		275D45711AF3188700332E21 /* TipsTests.xctest */ = {isa = PBXFileReference; explicitFileType = wrapper.cfbundle; includeInIndex = 0; path = TipsTests.xctest; sourceTree = BUILT_PRODUCTS_DIR; };
		275D45761AF3188700332E21 /* Info.plist */ = {isa = PBXFileReference; lastKnownFileType = text.plist.xml; path = Info.plist; sourceTree = "<group>"; };
		275D45771AF3188700332E21 /* TipsTests.swift */ = {isa = PBXFileReference; lastKnownFileType = sourcecode.swift; path = TipsTests.swift; sourceTree = "<group>"; };
/* End PBXFileReference section */

/* Begin PBXFrameworksBuildPhase section */
		275D45591AF3188700332E21 /* Frameworks */ = {
			isa = PBXFrameworksBuildPhase;
			buildActionMask = 2147483647;
			files = (
			);
			runOnlyForDeploymentPostprocessing = 0;
		};
		275D456E1AF3188700332E21 /* Frameworks */ = {
			isa = PBXFrameworksBuildPhase;
			buildActionMask = 2147483647;
			files = (
			);
			runOnlyForDeploymentPostprocessing = 0;
		};
/* End PBXFrameworksBuildPhase section */

/* Begin PBXGroup section */
		275D45531AF3188700332E21 = {
			isa = PBXGroup;
			children = (
				275D455E1AF3188700332E21 /* Tips */,
				275D45741AF3188700332E21 /* TipsTests */,
				275D455D1AF3188700332E21 /* Products */,
			);
			sourceTree = "<group>";
		};
		275D455D1AF3188700332E21 /* Products */ = {
			isa = PBXGroup;
			children = (
				275D455C1AF3188700332E21 /* Tips.app */,
				275D45711AF3188700332E21 /* TipsTests.xctest */,
			);
			name = Products;
			sourceTree = "<group>";
		};
		275D455E1AF3188700332E21 /* Tips */ = {
			isa = PBXGroup;
			children = (
				275D45611AF3188700332E21 /* AppDelegate.swift */,
				275D45631AF3188700332E21 /* ViewController.swift */,
				275D45651AF3188700332E21 /* Main.storyboard */,
				275D45681AF3188700332E21 /* Images.xcassets */,
				275D456A1AF3188700332E21 /* LaunchScreen.xib */,
				275D455F1AF3188700332E21 /* Supporting Files */,
			);
			path = Tips;
			sourceTree = "<group>";
		};
		275D455F1AF3188700332E21 /* Supporting Files */ = {
			isa = PBXGroup;
			children = (
				275D45601AF3188700332E21 /* Info.plist */,
			);
			name = "Supporting Files";
			sourceTree = "<group>";
		};
		275D45741AF3188700332E21 /* TipsTests */ = {
			isa = PBXGroup;
			children = (
				275D45771AF3188700332E21 /* TipsTests.swift */,
				275D45751AF3188700332E21 /* Supporting Files */,
			);
			path = TipsTests;
			sourceTree = "<group>";
		};
		275D45751AF3188700332E21 /* Supporting Files */ = {
			isa = PBXGroup;
			children = (
				275D45761AF3188700332E21 /* Info.plist */,
			);
			name = "Supporting Files";
			sourceTree = "<group>";
		};
/* End PBXGroup section */

/* Begin PBXNativeTarget section */
		275D455B1AF3188700332E21 /* Tips */ = {
			isa = PBXNativeTarget;
			buildConfigurationList = 275D457B1AF3188700332E21 /* Build configuration list for PBXNativeTarget "Tips" */;
			buildPhases = (
				275D45581AF3188700332E21 /* Sources */,
				275D45591AF3188700332E21 /* Frameworks */,
				275D455A1AF3188700332E21 /* Resources */,
			);
			buildRules = (
			);
			dependencies = (
			);
			name = Tips;
			productName = Tips;
			productReference = 275D455C1AF3188700332E21 /* Tips.app */;
			productType = "com.apple.product-type.application";
		};
		275D45701AF3188700332E21 /* TipsTests */ = {
			isa = PBXNativeTarget;
			buildConfigurationList = 275D457E1AF3188700332E21 /* Build configuration list for PBXNativeTarget "TipsTests" */;
			buildPhases = (
				275D456D1AF3188700332E21 /* Sources */,
				275D456E1AF3188700332E21 /* Frameworks */,
				275D456F1AF3188700332E21 /* Resources */,
			);
			buildRules = (
			);
			dependencies = (
				275D45731AF3188700332E21 /* PBXTargetDependency */,
			);
			name = TipsTests;
			productName = TipsTests;
			productReference = 275D45711AF3188700332E21 /* TipsTests.xctest */;
			productType = "com.apple.product-type.bundle.unit-test";
		};
/* End PBXNativeTarget section */

/* Begin PBXProject section */
		275D45541AF3188700332E21 /* Project object */ = {
			isa = PBXProject;
			attributes = {
				LastUpgradeCheck = 0630;
				ORGANIZATIONNAME = "Kyle DeHovitz";
				TargetAttributes = {
					275D455B1AF3188700332E21 = {
						CreatedOnToolsVersion = 6.3.1;
					};
					275D45701AF3188700332E21 = {
						CreatedOnToolsVersion = 6.3.1;
						TestTargetID = 275D455B1AF3188700332E21;
					};
				};
			};
			buildConfigurationList = 275D45571AF3188700332E21 /* Build configuration list for PBXProject "Tips" */;
			compatibilityVersion = "Xcode 3.2";
			developmentRegion = English;
			hasScannedForEncodings = 0;
			knownRegions = (
				en,
				Base,
			);
			mainGroup = 275D45531AF3188700332E21;
			productRefGroup = 275D455D1AF3188700332E21 /* Products */;
			projectDirPath = "";
			projectRoot = "";
			targets = (
				275D455B1AF3188700332E21 /* Tips */,
				275D45701AF3188700332E21 /* TipsTests */,
			);
		};
/* End PBXProject section */

/* Begin PBXResourcesBuildPhase section */
		275D455A1AF3188700332E21 /* Resources */ = {
			isa = PBXResourcesBuildPhase;
			buildActionMask = 2147483647;
			files = (
				275D45671AF3188700332E21 /* Main.storyboard in Resources */,
				275D456C1AF3188700332E21 /* LaunchScreen.xib in Resources */,
				275D45691AF3188700332E21 /* Images.xcassets in Resources */,
			);
			runOnlyForDeploymentPostprocessing = 0;
		};
		275D456F1AF3188700332E21 /* Resources */ = {
			isa = PBXResourcesBuildPhase;
			buildActionMask = 2147483647;
			files = (
			);
			runOnlyForDeploymentPostprocessing = 0;
		};
/* End PBXResourcesBuildPhase section */

/* Begin PBXSourcesBuildPhase section */
		275D45581AF3188700332E21 /* Sources */ = {
			isa = PBXSourcesBuildPhase;
			buildActionMask = 2147483647;
			files = (
				275D45641AF3188700332E21 /* ViewController.swift in Sources */,
				275D45621AF3188700332E21 /* AppDelegate.swift in Sources */,
			);
			runOnlyForDeploymentPostprocessing = 0;
		};
		275D456D1AF3188700332E21 /* Sources */ = {
			isa = PBXSourcesBuildPhase;
			buildActionMask = 2147483647;
			files = (
				275D45781AF3188700332E21 /* TipsTests.swift in Sources */,
			);
			runOnlyForDeploymentPostprocessing = 0;
		};
/* End PBXSourcesBuildPhase section */

/* Begin PBXTargetDependency section */
		275D45731AF3188700332E21 /* PBXTargetDependency */ = {
			isa = PBXTargetDependency;
			target = 275D455B1AF3188700332E21 /* Tips */;
			targetProxy = 275D45721AF3188700332E21 /* PBXContainerItemProxy */;
		};
/* End PBXTargetDependency section */

/* Begin PBXVariantGroup section */
		275D45651AF3188700332E21 /* Main.storyboard */ = {
			isa = PBXVariantGroup;
			children = (
				275D45661AF3188700332E21 /* Base */,
			);
			name = Main.storyboard;
			sourceTree = "<group>";
		};
		275D456A1AF3188700332E21 /* LaunchScreen.xib */ = {
			isa = PBXVariantGroup;
			children = (
				275D456B1AF3188700332E21 /* Base */,
			);
			name = LaunchScreen.xib;
			sourceTree = "<group>";
		};
/* End PBXVariantGroup section */

/* Begin XCBuildConfiguration section */
		275D45791AF3188700332E21 /* Debug */ = {
			isa = XCBuildConfiguration;
			buildSettings = {
				ALWAYS_SEARCH_USER_PATHS = NO;
				CLANG_CXX_LANGUAGE_STANDARD = "gnu++0x";
				CLANG_CXX_LIBRARY = "libc++";
				CLANG_ENABLE_MODULES = YES;
				CLANG_ENABLE_OBJC_ARC = YES;
				CLANG_WARN_BOOL_CONVERSION = YES;
				CLANG_WARN_CONSTANT_CONVERSION = YES;
				CLANG_WARN_DIRECT_OBJC_ISA_USAGE = YES_ERROR;
				CLANG_WARN_EMPTY_BODY = YES;
				CLANG_WARN_ENUM_CONVERSION = YES;
				CLANG_WARN_INT_CONVERSION = YES;
				CLANG_WARN_OBJC_ROOT_CLASS = YES_ERROR;
				CLANG_WARN_UNREACHABLE_CODE = YES;
				CLANG_WARN__DUPLICATE_METHOD_MATCH = YES;
				"CODE_SIGN_IDENTITY[sdk=iphoneos*]" = "iPhone Developer";
				COPY_PHASE_STRIP = NO;
				DEBUG_INFORMATION_FORMAT = "dwarf-with-dsym";
				ENABLE_STRICT_OBJC_MSGSEND = YES;
				GCC_C_LANGUAGE_STANDARD = gnu99;
				GCC_DYNAMIC_NO_PIC = NO;
				GCC_NO_COMMON_BLOCKS = YES;
				GCC_OPTIMIZATION_LEVEL = 0;
				GCC_PREPROCESSOR_DEFINITIONS = (
					"DEBUG=1",
					"$(inherited)",
				);
				GCC_SYMBOLS_PRIVATE_EXTERN = NO;
				GCC_WARN_64_TO_32_BIT_CONVERSION = YES;
				GCC_WARN_ABOUT_RETURN_TYPE = YES_ERROR;
				GCC_WARN_UNDECLARED_SELECTOR = YES;
				GCC_WARN_UNINITIALIZED_AUTOS = YES_AGGRESSIVE;
				GCC_WARN_UNUSED_FUNCTION = YES;
				GCC_WARN_UNUSED_VARIABLE = YES;
				IPHONEOS_DEPLOYMENT_TARGET = 8.3;
				MTL_ENABLE_DEBUG_INFO = YES;
				ONLY_ACTIVE_ARCH = YES;
				SDKROOT = iphoneos;
				SWIFT_OPTIMIZATION_LEVEL = "-Onone";
			};
			name = Debug;
		};
		275D457A1AF3188700332E21 /* Release */ = {
			isa = XCBuildConfiguration;
			buildSettings = {
				ALWAYS_SEARCH_USER_PATHS = NO;
				CLANG_CXX_LANGUAGE_STANDARD = "gnu++0x";
				CLANG_CXX_LIBRARY = "libc++";
				CLANG_ENABLE_MODULES = YES;
				CLANG_ENABLE_OBJC_ARC = YES;
				CLANG_WARN_BOOL_CONVERSION = YES;
				CLANG_WARN_CONSTANT_CONVERSION = YES;
				CLANG_WARN_DIRECT_OBJC_ISA_USAGE = YES_ERROR;
				CLANG_WARN_EMPTY_BODY = YES;
				CLANG_WARN_ENUM_CONVERSION = YES;
				CLANG_WARN_INT_CONVERSION = YES;
				CLANG_WARN_OBJC_ROOT_CLASS = YES_ERROR;
				CLANG_WARN_UNREACHABLE_CODE = YES;
				CLANG_WARN__DUPLICATE_METHOD_MATCH = YES;
				"CODE_SIGN_IDENTITY[sdk=iphoneos*]" = "iPhone Developer";
				COPY_PHASE_STRIP = NO;
				DEBUG_INFORMATION_FORMAT = "dwarf-with-dsym";
				ENABLE_NS_ASSERTIONS = NO;
				ENABLE_STRICT_OBJC_MSGSEND = YES;
				GCC_C_LANGUAGE_STANDARD = gnu99;
				GCC_NO_COMMON_BLOCKS = YES;
				GCC_WARN_64_TO_32_BIT_CONVERSION = YES;
				GCC_WARN_ABOUT_RETURN_TYPE = YES_ERROR;
				GCC_WARN_UNDECLARED_SELECTOR = YES;
				GCC_WARN_UNINITIALIZED_AUTOS = YES_AGGRESSIVE;
				GCC_WARN_UNUSED_FUNCTION = YES;
				GCC_WARN_UNUSED_VARIABLE = YES;
				IPHONEOS_DEPLOYMENT_TARGET = 8.3;
				MTL_ENABLE_DEBUG_INFO = NO;
				SDKROOT = iphoneos;
				VALIDATE_PRODUCT = YES;
			};
			name = Release;
		};
		275D457C1AF3188700332E21 /* Debug */ = {
			isa = XCBuildConfiguration;
			buildSettings = {
				ASSETCATALOG_COMPILER_APPICON_NAME = AppIcon;
				INFOPLIST_FILE = Tips/Info.plist;
				LD_RUNPATH_SEARCH_PATHS = "$(inherited) @executable_path/Frameworks";
				PRODUCT_NAME = "$(TARGET_NAME)";
			};
			name = Debug;
		};
		275D457D1AF3188700332E21 /* Release */ = {
			isa = XCBuildConfiguration;
			buildSettings = {
				ASSETCATALOG_COMPILER_APPICON_NAME = AppIcon;
				INFOPLIST_FILE = Tips/Info.plist;
				LD_RUNPATH_SEARCH_PATHS = "$(inherited) @executable_path/Frameworks";
				PRODUCT_NAME = "$(TARGET_NAME)";
			};
			name = Release;
		};
		275D457F1AF3188700332E21 /* Debug */ = {
			isa = XCBuildConfiguration;
			buildSettings = {
				BUNDLE_LOADER = "$(TEST_HOST)";
				FRAMEWORK_SEARCH_PATHS = (
					"$(SDKROOT)/Developer/Library/Frameworks",
					"$(inherited)",
				);
				GCC_PREPROCESSOR_DEFINITIONS = (
					"DEBUG=1",
					"$(inherited)",
				);
				INFOPLIST_FILE = TipsTests/Info.plist;
				LD_RUNPATH_SEARCH_PATHS = "$(inherited) @executable_path/Frameworks @loader_path/Frameworks";
				PRODUCT_NAME = "$(TARGET_NAME)";
				TEST_HOST = "$(BUILT_PRODUCTS_DIR)/Tips.app/Tips";
			};
			name = Debug;
		};
		275D45801AF3188700332E21 /* Release */ = {
			isa = XCBuildConfiguration;
			buildSettings = {
				BUNDLE_LOADER = "$(TEST_HOST)";
				FRAMEWORK_SEARCH_PATHS = (
					"$(SDKROOT)/Developer/Library/Frameworks",
					"$(inherited)",
				);
				INFOPLIST_FILE = TipsTests/Info.plist;
				LD_RUNPATH_SEARCH_PATHS = "$(inherited) @executable_path/Frameworks @loader_path/Frameworks";
				PRODUCT_NAME = "$(TARGET_NAME)";
				TEST_HOST = "$(BUILT_PRODUCTS_DIR)/Tips.app/Tips";
			};
			name = Release;
		};
/* End XCBuildConfiguration section */

/* Begin XCConfigurationList section */
		275D45571AF3188700332E21 /* Build configuration list for PBXProject "Tips" */ = {
			isa = XCConfigurationList;
			buildConfigurations = (
				275D45791AF3188700332E21 /* Debug */,
				275D457A1AF3188700332E21 /* Release */,
			);
			defaultConfigurationIsVisible = 0;
			defaultConfigurationName = Release;
		};
		275D457B1AF3188700332E21 /* Build configuration list for PBXNativeTarget "Tips" */ = {
			isa = XCConfigurationList;
			buildConfigurations = (
				275D457C1AF3188700332E21 /* Debug */,
				275D457D1AF3188700332E21 /* Release */,
			);
			defaultConfigurationIsVisible = 0;
		};
		275D457E1AF3188700332E21 /* Build configuration list for PBXNativeTarget "TipsTests" */ = {
			isa = XCConfigurationList;
			buildConfigurations = (
				275D457F1AF3188700332E21 /* Debug */,
				275D45801AF3188700332E21 /* Release */,
			);
			defaultConfigurationIsVisible = 0;
		};
/* End XCConfigurationList section */
	};
	rootObject = 275D45541AF3188700332E21 /* Project object */;
}
